
Microsoft Visual Studio Solution File, Format Version 12.00
# Visual Studio Version 16
VisualStudioVersion = 16.0.30711.63
MinimumVisualStudioVersion = 10.0.40219.1
Project("{FAE04EC0-301F-11D3-BF4B-00C04F79EFBC}") = "OccupancyTracker", "OccupancyTracker\OccupancyTracker.csproj", "{52477C7E-3B85-47D6-AD98-18D77BEB101A}"
EndProject
Project("{FAE04EC0-301F-11D3-BF4B-00C04F79EFBC}") = "OccupancyData", "OccupancyData\OccupancyData.csproj", "{7D6BBF80-7239-42A9-B389-39D7C5477315}"
EndProject
Project("{FAE04EC0-301F-11D3-BF4B-00C04F79EFBC}") = "OccupancyServices", "OccupancyServices\OccupancyServices.csproj", "{01BF7125-6808-432D-8683-BCA0C61EB4A7}"
EndProject
Global
	GlobalSection(SolutionConfigurationPlatforms) = preSolution
		Debug|Any CPU = Debug|Any CPU
		Release|Any CPU = Release|Any CPU
	EndGlobalSection
	GlobalSection(ProjectConfigurationPlatforms) = postSolution
		{52477C7E-3B85-47D6-AD98-18D77BEB101A}.Debug|Any CPU.ActiveCfg = Debug|Any CPU
		{52477C7E-3B85-47D6-AD98-18D77BEB101A}.Debug|Any CPU.Build.0 = Debug|Any CPU
		{52477C7E-3B85-47D6-AD98-18D77BEB101A}.Release|Any CPU.ActiveCfg = Release|Any CPU
		{52477C7E-3B85-47D6-AD98-18D77BEB101A}.Release|Any CPU.Build.0 = Release|Any CPU
		{7D6BBF80-7239-42A9-B389-39D7C5477315}.Debug|Any CPU.ActiveCfg = Debug|Any CPU
		{7D6BBF80-7239-42A9-B389-39D7C5477315}.Debug|Any CPU.Build.0 = Debug|Any CPU
		{7D6BBF80-7239-42A9-B389-39D7C5477315}.Release|Any CPU.ActiveCfg = Release|Any CPU
		{7D6BBF80-7239-42A9-B389-39D7C5477315}.Release|Any CPU.Build.0 = Release|Any CPU
		{01BF7125-6808-432D-8683-BCA0C61EB4A7}.Debug|Any CPU.ActiveCfg = Debug|Any CPU
		{01BF7125-6808-432D-8683-BCA0C61EB4A7}.Debug|Any CPU.Build.0 = Debug|Any CPU
		{01BF7125-6808-432D-8683-BCA0C61EB4A7}.Release|Any CPU.ActiveCfg = Release|Any CPU
		{01BF7125-6808-432D-8683-BCA0C61EB4A7}.Release|Any CPU.Build.0 = Release|Any CPU
	EndGlobalSection
	GlobalSection(SolutionProperties) = preSolution
		HideSolutionNode = FALSE
	EndGlobalSection
	GlobalSection(ExtensibilityGlobals) = postSolution
		SolutionGuid = {554B0403-E5FA-4A24-9456-3A35F9F24885}
	EndGlobalSection
EndGlobal
